
Microsoft Visual Studio Solution File, Format Version 12.00
# Visual Studio Version 16
VisualStudioVersion = 16.0.29905.134
MinimumVisualStudioVersion = 10.0.40219.1
Project("{FAE04EC0-301F-11D3-BF4B-00C04F79EFBC}") = "Web", "Web.csproj", "{7081F663-138B-4666-AF5A-1ECCC0D24D7F}"
EndProject
Project("{E53339B2-1760-4266-BCC7-CA923CBCF16C}") = "docker-compose", "docker-compose.dcproj", "{874DD5CA-AA23-49CC-B991-4B0143604EF9}"
EndProject
Global
	GlobalSection(SolutionConfigurationPlatforms) = preSolution
		Debug|Any CPU = Debug|Any CPU
		Release|Any CPU = Release|Any CPU
	EndGlobalSection
	GlobalSection(ProjectConfigurationPlatforms) = postSolution
		{7081F663-138B-4666-AF5A-1ECCC0D24D7F}.Debug|Any CPU.ActiveCfg = Debug|Any CPU
		{7081F663-138B-4666-AF5A-1ECCC0D24D7F}.Debug|Any CPU.Build.0 = Debug|Any CPU
		{7081F663-138B-4666-AF5A-1ECCC0D24D7F}.Release|Any CPU.ActiveCfg = Release|Any CPU
		{7081F663-138B-4666-AF5A-1ECCC0D24D7F}.Release|Any CPU.Build.0 = Release|Any CPU
		{874DD5CA-AA23-49CC-B991-4B0143604EF9}.Debug|Any CPU.ActiveCfg = Debug|Any CPU
		{874DD5CA-AA23-49CC-B991-4B0143604EF9}.Debug|Any CPU.Build.0 = Debug|Any CPU
		{874DD5CA-AA23-49CC-B991-4B0143604EF9}.Release|Any CPU.ActiveCfg = Release|Any CPU
		{874DD5CA-AA23-49CC-B991-4B0143604EF9}.Release|Any CPU.Build.0 = Release|Any CPU
	EndGlobalSection
	GlobalSection(SolutionProperties) = preSolution
		HideSolutionNode = FALSE
	EndGlobalSection
	GlobalSection(ExtensibilityGlobals) = postSolution
		SolutionGuid = {C02D9B43-44A4-4CB6-B041-82344445ED2E}
	EndGlobalSection
EndGlobal
